{
  "version": 4,
  "terraform_version": "1.7.3",
  "serial": 98,
  "lineage": "817ca7bf-383c-5bce-42fb-0d7ebbd53714",
  "outputs": {
    "lab20-TP": {
      "value": [
        [
          "10.10.10.200"
        ]
      ],
      "type": [
        "tuple",
        [
          [
            "tuple",
            [
              "string"
            ]
          ]
        ]
      ]
    }
  },
  "resources": [
    {
      "module": "module.lab20_tp_module_app",
      "mode": "data",
      "type": "template_file",
      "name": "init",
      "provider": "provider[\"registry.terraform.io/hashicorp/template\"]",
      "instances": [
        {
          "schema_version": 0,
          "attributes": {
            "filename": null,
            "id": "4de32327a6ae0564ed67529cc5d1239436485f4322a0fb03d09e82296cab9eae",
            "rendered": "#cloud-config\nruncmd:\n  - echo \"print(\\\"Hello, world!\\\")\" \u003e\u003e python.py\n  - python3 python.py\n  - sudo hostnamectl set-hostname cytech-lab20-TP-APP\ninstance-id: cytech-lab20-TP-APP\nlocal-hostname: cytech-lab20-TP-APP\nnetwork:\n  version: 1\n  config:\n    - type: physical\n      name: ens35\n      subnets:\n        - type: static\n          address: 10.10.10.200/24\n          gateway: 10.10.10.254\n    - type: nameserver\n      address:\n        - 10.10.10.254",
            "template": "#cloud-config\nruncmd:\n  - echo \"print(\\\"Hello, world!\\\")\" \u003e\u003e python.py\n  - python3 python.py\n  - sudo hostnamectl set-hostname ${name}\ninstance-id: ${name}\nlocal-hostname: ${name}\nnetwork:\n  version: 1\n  config:\n    - type: physical\n      name: ens35\n      subnets:\n        - type: static\n          address: ${my_ip}/24\n          gateway: 10.10.10.254\n    - type: nameserver\n      address:\n        - 10.10.10.254",
            "vars": {
              "my_ip": "10.10.10.200",
              "name": "cytech-lab20-TP-APP"
            }
          },
          "sensitive_attributes": []
        }
      ]
    },
    {
      "module": "module.lab20_tp_module_app",
      "mode": "managed",
      "type": "esxi_guest",
      "name": "cytech-lab20-TP",
      "provider": "module.lab20_tp_module_app.provider[\"registry.terraform.io/josenk/esxi\"]",
      "instances": [
        {
          "schema_version": 0,
          "attributes": {
            "boot_disk_size": "20480",
            "boot_disk_type": "thin",
            "boot_firmware": "bios",
            "clone_from_vm": "_template-debian",
            "disk_store": "datastore1",
            "guest_name": "cytech-lab20-TP-APP",
            "guest_shutdown_timeout": 20,
            "guest_startup_timeout": 120,
            "guestinfo": {
              "metadata": "H4sIAAAAAAAA/2yPMW/CMBCF9/yKa7q0Uk1DgMUDUreOGTqyGPtKrBpf5LsQ+d9XIZQGhOTlfXrv+d2zDdQ7ZSl++0OR+miPThcACtC2BGWXfJSXXfmJIdAbDJSCe9qVryVst9BlaSkuunwOTGp1R7l3BC2xRHNEKwEYRf1psFnQtiqYfV2pr0Z9NE3hI4uJFpV3+qEhkDXh2vHYE1EGSj/jKSdM7ClqWBYA06EjHsdJ7lBD12b21oQzBJhKMfJqcyHc7yMK64v8T7IY8faKAYxzCZk1LKvF9Oqqeq/XM8vBCA4mzy2b9c2ecQBjOmEqbltn/8/DvwAAAP//AQAA//93F8rhxAEAAA==",
              "metadata.encoding": "gzip+base64"
            },
            "guestos": "debian11-64",
            "host_ovf": null,
            "id": "2283",
            "ip_address": "10.10.10.200",
            "memsize": "1024",
            "network_interfaces": [
              {
                "mac_address": "",
                "nic_type": "e1000",
                "virtual_network": "VLAN FORMATION 1"
              }
            ],
            "notes": "",
            "numvcpus": "1",
            "ovf_properties": [],
            "ovf_properties_timer": 90,
            "ovf_source": null,
            "power": "on",
            "resource_pool_name": "/",
            "virthwver": "19",
            "virtual_disks": []
          },
          "sensitive_attributes": [],
          "private": "bnVsbA==",
          "dependencies": [
            "module.lab20_tp_module_app.data.template_file.init"
          ]
        }
      ]
    },
    {
      "module": "module.lab20_tp_module_bdd",
      "mode": "data",
      "type": "template_file",
      "name": "init",
      "provider": "provider[\"registry.terraform.io/hashicorp/template\"]",
      "instances": [
        {
          "schema_version": 0,
          "attributes": {
            "filename": null,
            "id": "05b1ac62ae1105d55a5e079dfdc3404c32abd17214b51c3a0a6f9d4aa8efda0d",
            "rendered": "#cloud-config\nruncmd:\n  - echo \"print(\\\"Hello, world!\\\")\" \u003e\u003e python.py\n  - python3 python.py\n  - sudo hostnamectl set-hostname cytech-lab20-TP-BDD\ninstance-id: cytech-lab20-TP-BDD\nlocal-hostname: cytech-lab20-TP-BDD\nnetwork:\n  version: 1\n  config:\n    - type: physical\n      name: ens35\n      subnets:\n        - type: static\n          address: 10.10.10.201/24\n          gateway: 10.10.10.254\n    - type: nameserver\n      address:\n        - 10.10.10.254",
            "template": "#cloud-config\nruncmd:\n  - echo \"print(\\\"Hello, world!\\\")\" \u003e\u003e python.py\n  - python3 python.py\n  - sudo hostnamectl set-hostname ${name}\ninstance-id: ${name}\nlocal-hostname: ${name}\nnetwork:\n  version: 1\n  config:\n    - type: physical\n      name: ens35\n      subnets:\n        - type: static\n          address: ${my_ip}/24\n          gateway: 10.10.10.254\n    - type: nameserver\n      address:\n        - 10.10.10.254",
            "vars": {
              "my_ip": "10.10.10.201",
              "name": "cytech-lab20-TP-BDD"
            }
          },
          "sensitive_attributes": []
        }
      ]
    },
    {
      "module": "module.lab20_tp_module_bdd",
      "mode": "managed",
      "type": "esxi_guest",
      "name": "cytech-lab20-TP",
      "provider": "module.lab20_tp_module_bdd.provider[\"registry.terraform.io/josenk/esxi\"]",
      "instances": [
        {
          "schema_version": 0,
          "attributes": {
            "boot_disk_size": "20480",
            "boot_disk_type": "thin",
            "boot_firmware": "bios",
            "clone_from_vm": "_template-debian",
            "disk_store": "datastore1",
            "guest_name": "cytech-lab20-TP-BDD",
            "guest_shutdown_timeout": 20,
            "guest_startup_timeout": 120,
            "guestinfo": {
              "metadata": "H4sIAAAAAAAA/2yPMU/DMBCF9/yKIywg4ZKk7eKhA+rAyMDYxbWPxsL1Rb5LI/97lKaUFFXy8j699/zu0QbqnbIUv/yhSH20R6cLAAVoW4KySz7K0658xxDoBQZKwT3syucSNhvosrQUF10+Bya1/Ee5dwQtsURzRCsBGEX9arBZ0LYqmH1Tqc8P9bbdFj6ymGhReafvGgJZE64d9z0RZaD0PZ5ywsSeooa6AJgOHfE4TnKHGro2s7cmnCHAVIqRl+sL4X4fUVhf5F+SxYi3VwxgnEvIrKGuFtNrqvq1Wc0sByM4mDy3rFc3e8YBjOmEqbhtnf0/D/8AAAD//wEAAP//vV3s5cQBAAA=",
              "metadata.encoding": "gzip+base64"
            },
            "guestos": "debian11-64",
            "host_ovf": null,
            "id": "2284",
            "ip_address": "10.10.10.201",
            "memsize": "1024",
            "network_interfaces": [
              {
                "mac_address": "",
                "nic_type": "e1000",
                "virtual_network": "VLAN FORMATION 1"
              }
            ],
            "notes": "",
            "numvcpus": "1",
            "ovf_properties": [],
            "ovf_properties_timer": 90,
            "ovf_source": null,
            "power": "on",
            "resource_pool_name": "/",
            "virthwver": "19",
            "virtual_disks": []
          },
          "sensitive_attributes": [],
          "private": "bnVsbA==",
          "dependencies": [
            "module.lab20_tp_module_bdd.data.template_file.init"
          ]
        }
      ]
    }
  ],
  "check_results": null
}
